
Microsoft Visual Studio Solution File, Format Version 12.00
# Visual Studio 15
VisualStudioVersion = 15.0.28010.2016
MinimumVisualStudioVersion = 10.0.40219.1
Project("{FAE04EC0-301F-11D3-BF4B-00C04F79EFBC}") = "WDCheWei-task9", "WDCheWei-task9\WDCheWei-task9.csproj", "{EC0AEF7B-6AB2-4380-8616-1153F36093F6}"
EndProject
Global
	GlobalSection(SolutionConfigurationPlatforms) = preSolution
		Debug|Any CPU = Debug|Any CPU
		Release|Any CPU = Release|Any CPU
	EndGlobalSection
	GlobalSection(ProjectConfigurationPlatforms) = postSolution
		{EC0AEF7B-6AB2-4380-8616-1153F36093F6}.Debug|Any CPU.ActiveCfg = Debug|Any CPU
		{EC0AEF7B-6AB2-4380-8616-1153F36093F6}.Debug|Any CPU.Build.0 = Debug|Any CPU
		{EC0AEF7B-6AB2-4380-8616-1153F36093F6}.Release|Any CPU.ActiveCfg = Release|Any CPU
		{EC0AEF7B-6AB2-4380-8616-1153F36093F6}.Release|Any CPU.Build.0 = Release|Any CPU
	EndGlobalSection
	GlobalSection(SolutionProperties) = preSolution
		HideSolutionNode = FALSE
	EndGlobalSection
	GlobalSection(ExtensibilityGlobals) = postSolution
		SolutionGuid = {341B352A-2941-4652-B760-3CB0F663DECB}
	EndGlobalSection
EndGlobal
